// !$*UTF8*$!
{
	archiveVersion = 1;
	classes = {
	};
	objectVersion = 46;
	objects = {

/* Begin PBXBuildFile section */
		39F32D49FF45B5618D7EC87F /* Pods_BlueShiftTests.framework in Frameworks */ = {isa = PBXBuildFile; fileRef = C99EDD37E12BB27206408082 /* Pods_BlueShiftTests.framework */; };
		704537491F17B64A00C4E608 /* GoogleService-Info.plist in Resources */ = {isa = PBXBuildFile; fileRef = 704537481F17B64A00C4E608 /* GoogleService-Info.plist */; };
		7098A0431F042C5B009448AC /* Post.swift in Sources */ = {isa = PBXBuildFile; fileRef = 7098A0421F042C5B009448AC /* Post.swift */; };
		7098A0451F0430FA009448AC /* TitleViewController.swift in Sources */ = {isa = PBXBuildFile; fileRef = 7098A0441F0430FA009448AC /* TitleViewController.swift */; };
		7098A0471F04327C009448AC /* AddPostViewController.swift in Sources */ = {isa = PBXBuildFile; fileRef = 7098A0461F04327C009448AC /* AddPostViewController.swift */; };
		7098A0491F0FEFE8009448AC /* Comment.swift in Sources */ = {isa = PBXBuildFile; fileRef = 7098A0481F0FEFE8009448AC /* Comment.swift */; };
		7098A04B1F113531009448AC /* CommentViewController.swift in Sources */ = {isa = PBXBuildFile; fileRef = 7098A04A1F113530009448AC /* CommentViewController.swift */; };
		7098A04D1F13C45A009448AC /* AddCommentViewController.swift in Sources */ = {isa = PBXBuildFile; fileRef = 7098A04C1F13C45A009448AC /* AddCommentViewController.swift */; };
		709A1DA11EFAA73F00665419 /* AppDelegate.swift in Sources */ = {isa = PBXBuildFile; fileRef = 709A1DA01EFAA73F00665419 /* AppDelegate.swift */; };
		709A1DA31EFAA73F00665419 /* ViewController.swift in Sources */ = {isa = PBXBuildFile; fileRef = 709A1DA21EFAA73F00665419 /* ViewController.swift */; };
		709A1DA61EFAA74000665419 /* Main.storyboard in Resources */ = {isa = PBXBuildFile; fileRef = 709A1DA41EFAA74000665419 /* Main.storyboard */; };
		709A1DA81EFAA74000665419 /* Assets.xcassets in Resources */ = {isa = PBXBuildFile; fileRef = 709A1DA71EFAA74000665419 /* Assets.xcassets */; };
		709A1DAB1EFAA74000665419 /* LaunchScreen.storyboard in Resources */ = {isa = PBXBuildFile; fileRef = 709A1DA91EFAA74000665419 /* LaunchScreen.storyboard */; };
		709A1DB61EFAA74000665419 /* BlueShiftTests.swift in Sources */ = {isa = PBXBuildFile; fileRef = 709A1DB51EFAA74000665419 /* BlueShiftTests.swift */; };
		709A1DC11EFAA74000665419 /* BlueShiftUITests.swift in Sources */ = {isa = PBXBuildFile; fileRef = 709A1DC01EFAA74000665419 /* BlueShiftUITests.swift */; };
		AD1D73C5C444B8F9D25EEF11 /* Pods_BlueShift.framework in Frameworks */ = {isa = PBXBuildFile; fileRef = DEC041F67ECCCAF60D15C796 /* Pods_BlueShift.framework */; };
		DD0D3707362F0EC699691AB1 /* Pods_BlueShiftUITests.framework in Frameworks */ = {isa = PBXBuildFile; fileRef = CF6F2019060FCB907F5C33BE /* Pods_BlueShiftUITests.framework */; };
/* End PBXBuildFile section */

/* Begin PBXContainerItemProxy section */
		709A1DB21EFAA74000665419 /* PBXContainerItemProxy */ = {
			isa = PBXContainerItemProxy;
			containerPortal = 709A1D951EFAA73F00665419 /* Project object */;
			proxyType = 1;
			remoteGlobalIDString = 709A1D9C1EFAA73F00665419;
			remoteInfo = BlueShift;
		};
		709A1DBD1EFAA74000665419 /* PBXContainerItemProxy */ = {
			isa = PBXContainerItemProxy;
			containerPortal = 709A1D951EFAA73F00665419 /* Project object */;
			proxyType = 1;
			remoteGlobalIDString = 709A1D9C1EFAA73F00665419;
			remoteInfo = BlueShift;
		};
/* End PBXContainerItemProxy section */

/* Begin PBXFileReference section */
		076B2C3AFABAF488680693AD /* Pods-BlueShiftTests.debug.xcconfig */ = {isa = PBXFileReference; includeInIndex = 1; lastKnownFileType = text.xcconfig; name = "Pods-BlueShiftTests.debug.xcconfig"; path = "Pods/Target Support Files/Pods-BlueShiftTests/Pods-BlueShiftTests.debug.xcconfig"; sourceTree = "<group>"; };
		2B8FC94530A06D58472865CC /* Pods-BlueShift.release.xcconfig */ = {isa = PBXFileReference; includeInIndex = 1; lastKnownFileType = text.xcconfig; name = "Pods-BlueShift.release.xcconfig"; path = "Pods/Target Support Files/Pods-BlueShift/Pods-BlueShift.release.xcconfig"; sourceTree = "<group>"; };
		38F2CDC858B4BA35097E9389 /* Pods-BlueShiftTests.release.xcconfig */ = {isa = PBXFileReference; includeInIndex = 1; lastKnownFileType = text.xcconfig; name = "Pods-BlueShiftTests.release.xcconfig"; path = "Pods/Target Support Files/Pods-BlueShiftTests/Pods-BlueShiftTests.release.xcconfig"; sourceTree = "<group>"; };
		704537481F17B64A00C4E608 /* GoogleService-Info.plist */ = {isa = PBXFileReference; fileEncoding = 4; lastKnownFileType = text.plist.xml; path = "GoogleService-Info.plist"; sourceTree = "<group>"; };
		7098A0421F042C5B009448AC /* Post.swift */ = {isa = PBXFileReference; fileEncoding = 4; lastKnownFileType = sourcecode.swift; path = Post.swift; sourceTree = "<group>"; };
		7098A0441F0430FA009448AC /* TitleViewController.swift */ = {isa = PBXFileReference; fileEncoding = 4; lastKnownFileType = sourcecode.swift; name = TitleViewController.swift; path = ../TitleViewController.swift; sourceTree = "<group>"; };
		7098A0461F04327C009448AC /* AddPostViewController.swift */ = {isa = PBXFileReference; fileEncoding = 4; lastKnownFileType = sourcecode.swift; path = AddPostViewController.swift; sourceTree = "<group>"; };
		7098A0481F0FEFE8009448AC /* Comment.swift */ = {isa = PBXFileReference; fileEncoding = 4; lastKnownFileType = sourcecode.swift; path = Comment.swift; sourceTree = "<group>"; };
		7098A04A1F113530009448AC /* CommentViewController.swift */ = {isa = PBXFileReference; fileEncoding = 4; lastKnownFileType = sourcecode.swift; path = CommentViewController.swift; sourceTree = "<group>"; };
		7098A04C1F13C45A009448AC /* AddCommentViewController.swift */ = {isa = PBXFileReference; fileEncoding = 4; lastKnownFileType = sourcecode.swift; path = AddCommentViewController.swift; sourceTree = "<group>"; };
		709A1D9D1EFAA73F00665419 /* BlueShift.app */ = {isa = PBXFileReference; explicitFileType = wrapper.application; includeInIndex = 0; path = BlueShift.app; sourceTree = BUILT_PRODUCTS_DIR; };
		709A1DA01EFAA73F00665419 /* AppDelegate.swift */ = {isa = PBXFileReference; lastKnownFileType = sourcecode.swift; path = AppDelegate.swift; sourceTree = "<group>"; };
		709A1DA21EFAA73F00665419 /* ViewController.swift */ = {isa = PBXFileReference; lastKnownFileType = sourcecode.swift; path = ViewController.swift; sourceTree = "<group>"; };
		709A1DA51EFAA74000665419 /* Base */ = {isa = PBXFileReference; lastKnownFileType = file.storyboard; name = Base; path = Base.lproj/Main.storyboard; sourceTree = "<group>"; };
		709A1DA71EFAA74000665419 /* Assets.xcassets */ = {isa = PBXFileReference; lastKnownFileType = folder.assetcatalog; path = Assets.xcassets; sourceTree = "<group>"; };
		709A1DAA1EFAA74000665419 /* Base */ = {isa = PBXFileReference; lastKnownFileType = file.storyboard; name = Base; path = Base.lproj/LaunchScreen.storyboard; sourceTree = "<group>"; };
		709A1DAC1EFAA74000665419 /* Info.plist */ = {isa = PBXFileReference; lastKnownFileType = text.plist.xml; path = Info.plist; sourceTree = "<group>"; };
		709A1DB11EFAA74000665419 /* BlueShiftTests.xctest */ = {isa = PBXFileReference; explicitFileType = wrapper.cfbundle; includeInIndex = 0; path = BlueShiftTests.xctest; sourceTree = BUILT_PRODUCTS_DIR; };
		709A1DB51EFAA74000665419 /* BlueShiftTests.swift */ = {isa = PBXFileReference; lastKnownFileType = sourcecode.swift; path = BlueShiftTests.swift; sourceTree = "<group>"; };
		709A1DB71EFAA74000665419 /* Info.plist */ = {isa = PBXFileReference; lastKnownFileType = text.plist.xml; path = Info.plist; sourceTree = "<group>"; };
		709A1DBC1EFAA74000665419 /* BlueShiftUITests.xctest */ = {isa = PBXFileReference; explicitFileType = wrapper.cfbundle; includeInIndex = 0; path = BlueShiftUITests.xctest; sourceTree = BUILT_PRODUCTS_DIR; };
		709A1DC01EFAA74000665419 /* BlueShiftUITests.swift */ = {isa = PBXFileReference; lastKnownFileType = sourcecode.swift; path = BlueShiftUITests.swift; sourceTree = "<group>"; };
		709A1DC21EFAA74000665419 /* Info.plist */ = {isa = PBXFileReference; lastKnownFileType = text.plist.xml; path = Info.plist; sourceTree = "<group>"; };
		7465E6FC0FFED1C7422E86E4 /* Pods-BlueShift.debug.xcconfig */ = {isa = PBXFileReference; includeInIndex = 1; lastKnownFileType = text.xcconfig; name = "Pods-BlueShift.debug.xcconfig"; path = "Pods/Target Support Files/Pods-BlueShift/Pods-BlueShift.debug.xcconfig"; sourceTree = "<group>"; };
		806156AAD8BFCAAB3C7092A5 /* Pods-BlueShiftUITests.release.xcconfig */ = {isa = PBXFileReference; includeInIndex = 1; lastKnownFileType = text.xcconfig; name = "Pods-BlueShiftUITests.release.xcconfig"; path = "Pods/Target Support Files/Pods-BlueShiftUITests/Pods-BlueShiftUITests.release.xcconfig"; sourceTree = "<group>"; };
		C99EDD37E12BB27206408082 /* Pods_BlueShiftTests.framework */ = {isa = PBXFileReference; explicitFileType = wrapper.framework; includeInIndex = 0; path = Pods_BlueShiftTests.framework; sourceTree = BUILT_PRODUCTS_DIR; };
		CF6F2019060FCB907F5C33BE /* Pods_BlueShiftUITests.framework */ = {isa = PBXFileReference; explicitFileType = wrapper.framework; includeInIndex = 0; path = Pods_BlueShiftUITests.framework; sourceTree = BUILT_PRODUCTS_DIR; };
		DEC041F67ECCCAF60D15C796 /* Pods_BlueShift.framework */ = {isa = PBXFileReference; explicitFileType = wrapper.framework; includeInIndex = 0; path = Pods_BlueShift.framework; sourceTree = BUILT_PRODUCTS_DIR; };
		EAA69D42CCA552989EEFDE10 /* Pods-BlueShiftUITests.debug.xcconfig */ = {isa = PBXFileReference; includeInIndex = 1; lastKnownFileType = text.xcconfig; name = "Pods-BlueShiftUITests.debug.xcconfig"; path = "Pods/Target Support Files/Pods-BlueShiftUITests/Pods-BlueShiftUITests.debug.xcconfig"; sourceTree = "<group>"; };
/* End PBXFileReference section */

/* Begin PBXFrameworksBuildPhase section */
		709A1D9A1EFAA73F00665419 /* Frameworks */ = {
			isa = PBXFrameworksBuildPhase;
			buildActionMask = 2147483647;
			files = (
				AD1D73C5C444B8F9D25EEF11 /* Pods_BlueShift.framework in Frameworks */,
			);
			runOnlyForDeploymentPostprocessing = 0;
		};
		709A1DAE1EFAA74000665419 /* Frameworks */ = {
			isa = PBXFrameworksBuildPhase;
			buildActionMask = 2147483647;
			files = (
				39F32D49FF45B5618D7EC87F /* Pods_BlueShiftTests.framework in Frameworks */,
			);
			runOnlyForDeploymentPostprocessing = 0;
		};
		709A1DB91EFAA74000665419 /* Frameworks */ = {
			isa = PBXFrameworksBuildPhase;
			buildActionMask = 2147483647;
			files = (
				DD0D3707362F0EC699691AB1 /* Pods_BlueShiftUITests.framework in Frameworks */,
			);
			runOnlyForDeploymentPostprocessing = 0;
		};
/* End PBXFrameworksBuildPhase section */

/* Begin PBXGroup section */
		709A1D941EFAA73F00665419 = {
			isa = PBXGroup;
			children = (
				709A1D9F1EFAA73F00665419 /* BlueShift */,
				709A1DB41EFAA74000665419 /* BlueShiftTests */,
				709A1DBF1EFAA74000665419 /* BlueShiftUITests */,
				709A1D9E1EFAA73F00665419 /* Products */,
				BB90BD41FDFFBCB5470A43CF /* Pods */,
				8E6D5146D79102E451308252 /* Frameworks */,
			);
			sourceTree = "<group>";
		};
		709A1D9E1EFAA73F00665419 /* Products */ = {
			isa = PBXGroup;
			children = (
				709A1D9D1EFAA73F00665419 /* BlueShift.app */,
				709A1DB11EFAA74000665419 /* BlueShiftTests.xctest */,
				709A1DBC1EFAA74000665419 /* BlueShiftUITests.xctest */,
			);
			name = Products;
			sourceTree = "<group>";
		};
		709A1D9F1EFAA73F00665419 /* BlueShift */ = {
			isa = PBXGroup;
			children = (
				709A1DA01EFAA73F00665419 /* AppDelegate.swift */,
				709A1DA21EFAA73F00665419 /* ViewController.swift */,
				7098A0461F04327C009448AC /* AddPostViewController.swift */,
				7098A04C1F13C45A009448AC /* AddCommentViewController.swift */,
				7098A0441F0430FA009448AC /* TitleViewController.swift */,
				7098A04A1F113530009448AC /* CommentViewController.swift */,
				709A1DA41EFAA74000665419 /* Main.storyboard */,
				709A1DA71EFAA74000665419 /* Assets.xcassets */,
				7098A0421F042C5B009448AC /* Post.swift */,
				7098A0481F0FEFE8009448AC /* Comment.swift */,
				709A1DA91EFAA74000665419 /* LaunchScreen.storyboard */,
				709A1DAC1EFAA74000665419 /* Info.plist */,
				704537481F17B64A00C4E608 /* GoogleService-Info.plist */,
			);
			path = BlueShift;
			sourceTree = "<group>";
		};
		709A1DB41EFAA74000665419 /* BlueShiftTests */ = {
			isa = PBXGroup;
			children = (
				709A1DB51EFAA74000665419 /* BlueShiftTests.swift */,
				709A1DB71EFAA74000665419 /* Info.plist */,
			);
			path = BlueShiftTests;
			sourceTree = "<group>";
		};
		709A1DBF1EFAA74000665419 /* BlueShiftUITests */ = {
			isa = PBXGroup;
			children = (
				709A1DC01EFAA74000665419 /* BlueShiftUITests.swift */,
				709A1DC21EFAA74000665419 /* Info.plist */,
			);
			path = BlueShiftUITests;
			sourceTree = "<group>";
		};
		8E6D5146D79102E451308252 /* Frameworks */ = {
			isa = PBXGroup;
			children = (
				DEC041F67ECCCAF60D15C796 /* Pods_BlueShift.framework */,
				C99EDD37E12BB27206408082 /* Pods_BlueShiftTests.framework */,
				CF6F2019060FCB907F5C33BE /* Pods_BlueShiftUITests.framework */,
			);
			name = Frameworks;
			sourceTree = "<group>";
		};
		BB90BD41FDFFBCB5470A43CF /* Pods */ = {
			isa = PBXGroup;
			children = (
				7465E6FC0FFED1C7422E86E4 /* Pods-BlueShift.debug.xcconfig */,
				2B8FC94530A06D58472865CC /* Pods-BlueShift.release.xcconfig */,
				076B2C3AFABAF488680693AD /* Pods-BlueShiftTests.debug.xcconfig */,
				38F2CDC858B4BA35097E9389 /* Pods-BlueShiftTests.release.xcconfig */,
				EAA69D42CCA552989EEFDE10 /* Pods-BlueShiftUITests.debug.xcconfig */,
				806156AAD8BFCAAB3C7092A5 /* Pods-BlueShiftUITests.release.xcconfig */,
			);
			name = Pods;
			sourceTree = "<group>";
		};
/* End PBXGroup section */

/* Begin PBXNativeTarget section */
		709A1D9C1EFAA73F00665419 /* BlueShift */ = {
			isa = PBXNativeTarget;
			buildConfigurationList = 709A1DC51EFAA74000665419 /* Build configuration list for PBXNativeTarget "BlueShift" */;
			buildPhases = (
				B961C00C58E38838132A08A0 /* [CP] Check Pods Manifest.lock */,
				709A1D991EFAA73F00665419 /* Sources */,
				709A1D9A1EFAA73F00665419 /* Frameworks */,
				709A1D9B1EFAA73F00665419 /* Resources */,
				8C815EFD56E36AA68FE65089 /* [CP] Embed Pods Frameworks */,
				B852743CAE68E2702202610E /* [CP] Copy Pods Resources */,
			);
			buildRules = (
			);
			dependencies = (
			);
			name = BlueShift;
			productName = BlueShift;
			productReference = 709A1D9D1EFAA73F00665419 /* BlueShift.app */;
			productType = "com.apple.product-type.application";
		};
		709A1DB01EFAA74000665419 /* BlueShiftTests */ = {
			isa = PBXNativeTarget;
			buildConfigurationList = 709A1DC81EFAA74000665419 /* Build configuration list for PBXNativeTarget "BlueShiftTests" */;
			buildPhases = (
				FEB8495232C02D82FD671F59 /* [CP] Check Pods Manifest.lock */,
				709A1DAD1EFAA74000665419 /* Sources */,
				709A1DAE1EFAA74000665419 /* Frameworks */,
				709A1DAF1EFAA74000665419 /* Resources */,
				62C608CC66EBFD78DDF63270 /* [CP] Embed Pods Frameworks */,
				17A74EC3D9D4EE13DD6B7449 /* [CP] Copy Pods Resources */,
			);
			buildRules = (
			);
			dependencies = (
				709A1DB31EFAA74000665419 /* PBXTargetDependency */,
			);
			name = BlueShiftTests;
			productName = BlueShiftTests;
			productReference = 709A1DB11EFAA74000665419 /* BlueShiftTests.xctest */;
			productType = "com.apple.product-type.bundle.unit-test";
		};
		709A1DBB1EFAA74000665419 /* BlueShiftUITests */ = {
			isa = PBXNativeTarget;
			buildConfigurationList = 709A1DCB1EFAA74000665419 /* Build configuration list for PBXNativeTarget "BlueShiftUITests" */;
			buildPhases = (
				4733A06B57446370E6313A92 /* [CP] Check Pods Manifest.lock */,
				709A1DB81EFAA74000665419 /* Sources */,
				709A1DB91EFAA74000665419 /* Frameworks */,
				709A1DBA1EFAA74000665419 /* Resources */,
				2E5FB2486E72D8EF58C413D0 /* [CP] Embed Pods Frameworks */,
				2DB20E1C4EA7EBB05B95E50A /* [CP] Copy Pods Resources */,
			);
			buildRules = (
			);
			dependencies = (
				709A1DBE1EFAA74000665419 /* PBXTargetDependency */,
			);
			name = BlueShiftUITests;
			productName = BlueShiftUITests;
			productReference = 709A1DBC1EFAA74000665419 /* BlueShiftUITests.xctest */;
			productType = "com.apple.product-type.bundle.ui-testing";
		};
/* End PBXNativeTarget section */

/* Begin PBXProject section */
		709A1D951EFAA73F00665419 /* Project object */ = {
			isa = PBXProject;
			attributes = {
				LastSwiftUpdateCheck = 0830;
				LastUpgradeCheck = 0830;
				ORGANIZATIONNAME = Nebula;
				TargetAttributes = {
					709A1D9C1EFAA73F00665419 = {
						CreatedOnToolsVersion = 8.3.3;
						DevelopmentTeam = 5VKGNBRP89;
						ProvisioningStyle = Automatic;
					};
					709A1DB01EFAA74000665419 = {
						CreatedOnToolsVersion = 8.3.3;
						ProvisioningStyle = Automatic;
						TestTargetID = 709A1D9C1EFAA73F00665419;
					};
					709A1DBB1EFAA74000665419 = {
						CreatedOnToolsVersion = 8.3.3;
						ProvisioningStyle = Automatic;
						TestTargetID = 709A1D9C1EFAA73F00665419;
					};
				};
			};
			buildConfigurationList = 709A1D981EFAA73F00665419 /* Build configuration list for PBXProject "BlueShift" */;
			compatibilityVersion = "Xcode 3.2";
			developmentRegion = English;
			hasScannedForEncodings = 0;
			knownRegions = (
				en,
				Base,
			);
			mainGroup = 709A1D941EFAA73F00665419;
			productRefGroup = 709A1D9E1EFAA73F00665419 /* Products */;
			projectDirPath = "";
			projectRoot = "";
			targets = (
				709A1D9C1EFAA73F00665419 /* BlueShift */,
				709A1DB01EFAA74000665419 /* BlueShiftTests */,
				709A1DBB1EFAA74000665419 /* BlueShiftUITests */,
			);
		};
/* End PBXProject section */

/* Begin PBXResourcesBuildPhase section */
		709A1D9B1EFAA73F00665419 /* Resources */ = {
			isa = PBXResourcesBuildPhase;
			buildActionMask = 2147483647;
			files = (
				709A1DAB1EFAA74000665419 /* LaunchScreen.storyboard in Resources */,
				704537491F17B64A00C4E608 /* GoogleService-Info.plist in Resources */,
				709A1DA81EFAA74000665419 /* Assets.xcassets in Resources */,
				709A1DA61EFAA74000665419 /* Main.storyboard in Resources */,
			);
			runOnlyForDeploymentPostprocessing = 0;
		};
		709A1DAF1EFAA74000665419 /* Resources */ = {
			isa = PBXResourcesBuildPhase;
			buildActionMask = 2147483647;
			files = (
			);
			runOnlyForDeploymentPostprocessing = 0;
		};
		709A1DBA1EFAA74000665419 /* Resources */ = {
			isa = PBXResourcesBuildPhase;
			buildActionMask = 2147483647;
			files = (
			);
			runOnlyForDeploymentPostprocessing = 0;
		};
/* End PBXResourcesBuildPhase section */

/* Begin PBXShellScriptBuildPhase section */
		17A74EC3D9D4EE13DD6B7449 /* [CP] Copy Pods Resources */ = {
			isa = PBXShellScriptBuildPhase;
			buildActionMask = 2147483647;
			files = (
			);
			inputPaths = (
			);
			name = "[CP] Copy Pods Resources";
			outputPaths = (
			);
			runOnlyForDeploymentPostprocessing = 0;
			shellPath = /bin/sh;
			shellScript = "\"${SRCROOT}/Pods/Target Support Files/Pods-BlueShiftTests/Pods-BlueShiftTests-resources.sh\"\n";
			showEnvVarsInLog = 0;
		};
		2DB20E1C4EA7EBB05B95E50A /* [CP] Copy Pods Resources */ = {
			isa = PBXShellScriptBuildPhase;
			buildActionMask = 2147483647;
			files = (
			);
			inputPaths = (
			);
			name = "[CP] Copy Pods Resources";
			outputPaths = (
			);
			runOnlyForDeploymentPostprocessing = 0;
			shellPath = /bin/sh;
			shellScript = "\"${SRCROOT}/Pods/Target Support Files/Pods-BlueShiftUITests/Pods-BlueShiftUITests-resources.sh\"\n";
			showEnvVarsInLog = 0;
		};
		2E5FB2486E72D8EF58C413D0 /* [CP] Embed Pods Frameworks */ = {
			isa = PBXShellScriptBuildPhase;
			buildActionMask = 2147483647;
			files = (
			);
			inputPaths = (
			);
			name = "[CP] Embed Pods Frameworks";
			outputPaths = (
			);
			runOnlyForDeploymentPostprocessing = 0;
			shellPath = /bin/sh;
			shellScript = "\"${SRCROOT}/Pods/Target Support Files/Pods-BlueShiftUITests/Pods-BlueShiftUITests-frameworks.sh\"\n";
			showEnvVarsInLog = 0;
		};
		4733A06B57446370E6313A92 /* [CP] Check Pods Manifest.lock */ = {
			isa = PBXShellScriptBuildPhase;
			buildActionMask = 2147483647;
			files = (
			);
			inputPaths = (
			);
			name = "[CP] Check Pods Manifest.lock";
			outputPaths = (
			);
			runOnlyForDeploymentPostprocessing = 0;
			shellPath = /bin/sh;
			shellScript = "diff \"${PODS_ROOT}/../Podfile.lock\" \"${PODS_ROOT}/Manifest.lock\" > /dev/null\nif [ $? != 0 ] ; then\n    # print error to STDERR\n    echo \"error: The sandbox is not in sync with the Podfile.lock. Run 'pod install' or update your CocoaPods installation.\" >&2\n    exit 1\nfi\n";
			showEnvVarsInLog = 0;
		};
		62C608CC66EBFD78DDF63270 /* [CP] Embed Pods Frameworks */ = {
			isa = PBXShellScriptBuildPhase;
			buildActionMask = 2147483647;
			files = (
			);
			inputPaths = (
			);
			name = "[CP] Embed Pods Frameworks";
			outputPaths = (
			);
			runOnlyForDeploymentPostprocessing = 0;
			shellPath = /bin/sh;
			shellScript = "\"${SRCROOT}/Pods/Target Support Files/Pods-BlueShiftTests/Pods-BlueShiftTests-frameworks.sh\"\n";
			showEnvVarsInLog = 0;
		};
		8C815EFD56E36AA68FE65089 /* [CP] Embed Pods Frameworks */ = {
			isa = PBXShellScriptBuildPhase;
			buildActionMask = 2147483647;
			files = (
			);
			inputPaths = (
			);
			name = "[CP] Embed Pods Frameworks";
			outputPaths = (
			);
			runOnlyForDeploymentPostprocessing = 0;
			shellPath = /bin/sh;
			shellScript = "\"${SRCROOT}/Pods/Target Support Files/Pods-BlueShift/Pods-BlueShift-frameworks.sh\"\n";
			showEnvVarsInLog = 0;
		};
		B852743CAE68E2702202610E /* [CP] Copy Pods Resources */ = {
			isa = PBXShellScriptBuildPhase;
			buildActionMask = 2147483647;
			files = (
			);
			inputPaths = (
			);
			name = "[CP] Copy Pods Resources";
			outputPaths = (
			);
			runOnlyForDeploymentPostprocessing = 0;
			shellPath = /bin/sh;
			shellScript = "\"${SRCROOT}/Pods/Target Support Files/Pods-BlueShift/Pods-BlueShift-resources.sh\"\n";
			showEnvVarsInLog = 0;
		};
		B961C00C58E38838132A08A0 /* [CP] Check Pods Manifest.lock */ = {
			isa = PBXShellScriptBuildPhase;
			buildActionMask = 2147483647;
			files = (
			);
			inputPaths = (
			);
			name = "[CP] Check Pods Manifest.lock";
			outputPaths = (
			);
			runOnlyForDeploymentPostprocessing = 0;
			shellPath = /bin/sh;
			shellScript = "diff \"${PODS_ROOT}/../Podfile.lock\" \"${PODS_ROOT}/Manifest.lock\" > /dev/null\nif [ $? != 0 ] ; then\n    # print error to STDERR\n    echo \"error: The sandbox is not in sync with the Podfile.lock. Run 'pod install' or update your CocoaPods installation.\" >&2\n    exit 1\nfi\n";
			showEnvVarsInLog = 0;
		};
		FEB8495232C02D82FD671F59 /* [CP] Check Pods Manifest.lock */ = {
			isa = PBXShellScriptBuildPhase;
			buildActionMask = 2147483647;
			files = (
			);
			inputPaths = (
			);
			name = "[CP] Check Pods Manifest.lock";
			outputPaths = (
			);
			runOnlyForDeploymentPostprocessing = 0;
			shellPath = /bin/sh;
			shellScript = "diff \"${PODS_ROOT}/../Podfile.lock\" \"${PODS_ROOT}/Manifest.lock\" > /dev/null\nif [ $? != 0 ] ; then\n    # print error to STDERR\n    echo \"error: The sandbox is not in sync with the Podfile.lock. Run 'pod install' or update your CocoaPods installation.\" >&2\n    exit 1\nfi\n";
			showEnvVarsInLog = 0;
		};
/* End PBXShellScriptBuildPhase section */

/* Begin PBXSourcesBuildPhase section */
		709A1D991EFAA73F00665419 /* Sources */ = {
			isa = PBXSourcesBuildPhase;
			buildActionMask = 2147483647;
			files = (
				7098A04B1F113531009448AC /* CommentViewController.swift in Sources */,
				709A1DA31EFAA73F00665419 /* ViewController.swift in Sources */,
				7098A0491F0FEFE8009448AC /* Comment.swift in Sources */,
				7098A0471F04327C009448AC /* AddPostViewController.swift in Sources */,
				7098A04D1F13C45A009448AC /* AddCommentViewController.swift in Sources */,
				7098A0451F0430FA009448AC /* TitleViewController.swift in Sources */,
				709A1DA11EFAA73F00665419 /* AppDelegate.swift in Sources */,
				7098A0431F042C5B009448AC /* Post.swift in Sources */,
			);
			runOnlyForDeploymentPostprocessing = 0;
		};
		709A1DAD1EFAA74000665419 /* Sources */ = {
			isa = PBXSourcesBuildPhase;
			buildActionMask = 2147483647;
			files = (
				709A1DB61EFAA74000665419 /* BlueShiftTests.swift in Sources */,
			);
			runOnlyForDeploymentPostprocessing = 0;
		};
		709A1DB81EFAA74000665419 /* Sources */ = {
			isa = PBXSourcesBuildPhase;
			buildActionMask = 2147483647;
			files = (
				709A1DC11EFAA74000665419 /* BlueShiftUITests.swift in Sources */,
			);
			runOnlyForDeploymentPostprocessing = 0;
		};
/* End PBXSourcesBuildPhase section */

/* Begin PBXTargetDependency section */
		709A1DB31EFAA74000665419 /* PBXTargetDependency */ = {
			isa = PBXTargetDependency;
			target = 709A1D9C1EFAA73F00665419 /* BlueShift */;
			targetProxy = 709A1DB21EFAA74000665419 /* PBXContainerItemProxy */;
		};
		709A1DBE1EFAA74000665419 /* PBXTargetDependency */ = {
			isa = PBXTargetDependency;
			target = 709A1D9C1EFAA73F00665419 /* BlueShift */;
			targetProxy = 709A1DBD1EFAA74000665419 /* PBXContainerItemProxy */;
		};
/* End PBXTargetDependency section */

/* Begin PBXVariantGroup section */
		709A1DA41EFAA74000665419 /* Main.storyboard */ = {
			isa = PBXVariantGroup;
			children = (
				709A1DA51EFAA74000665419 /* Base */,
			);
			name = Main.storyboard;
			sourceTree = "<group>";
		};
		709A1DA91EFAA74000665419 /* LaunchScreen.storyboard */ = {
			isa = PBXVariantGroup;
			children = (
				709A1DAA1EFAA74000665419 /* Base */,
			);
			name = LaunchScreen.storyboard;
			sourceTree = "<group>";
		};
/* End PBXVariantGroup section */

/* Begin XCBuildConfiguration section */
		709A1DC31EFAA74000665419 /* Debug */ = {
			isa = XCBuildConfiguration;
			buildSettings = {
				ALWAYS_SEARCH_USER_PATHS = NO;
				CLANG_ANALYZER_NONNULL = YES;
				CLANG_ANALYZER_NUMBER_OBJECT_CONVERSION = YES_AGGRESSIVE;
				CLANG_CXX_LANGUAGE_STANDARD = "gnu++0x";
				CLANG_CXX_LIBRARY = "libc++";
				CLANG_ENABLE_MODULES = YES;
				CLANG_ENABLE_OBJC_ARC = YES;
				CLANG_WARN_BOOL_CONVERSION = YES;
				CLANG_WARN_CONSTANT_CONVERSION = YES;
				CLANG_WARN_DIRECT_OBJC_ISA_USAGE = YES_ERROR;
				CLANG_WARN_DOCUMENTATION_COMMENTS = YES;
				CLANG_WARN_EMPTY_BODY = YES;
				CLANG_WARN_ENUM_CONVERSION = YES;
				CLANG_WARN_INFINITE_RECURSION = YES;
				CLANG_WARN_INT_CONVERSION = YES;
				CLANG_WARN_OBJC_ROOT_CLASS = YES_ERROR;
				CLANG_WARN_SUSPICIOUS_MOVE = YES;
				CLANG_WARN_UNREACHABLE_CODE = YES;
				CLANG_WARN__DUPLICATE_METHOD_MATCH = YES;
				"CODE_SIGN_IDENTITY[sdk=iphoneos*]" = "iPhone Developer";
				COPY_PHASE_STRIP = NO;
				DEBUG_INFORMATION_FORMAT = dwarf;
				ENABLE_STRICT_OBJC_MSGSEND = YES;
				ENABLE_TESTABILITY = YES;
				GCC_C_LANGUAGE_STANDARD = gnu99;
				GCC_DYNAMIC_NO_PIC = NO;
				GCC_NO_COMMON_BLOCKS = YES;
				GCC_OPTIMIZATION_LEVEL = 0;
				GCC_PREPROCESSOR_DEFINITIONS = (
					"DEBUG=1",
					"$(inherited)",
				);
				GCC_WARN_64_TO_32_BIT_CONVERSION = YES;
				GCC_WARN_ABOUT_RETURN_TYPE = YES_ERROR;
				GCC_WARN_UNDECLARED_SELECTOR = YES;
				GCC_WARN_UNINITIALIZED_AUTOS = YES_AGGRESSIVE;
				GCC_WARN_UNUSED_FUNCTION = YES;
				GCC_WARN_UNUSED_VARIABLE = YES;
				IPHONEOS_DEPLOYMENT_TARGET = 10.3;
				MTL_ENABLE_DEBUG_INFO = YES;
				ONLY_ACTIVE_ARCH = YES;
				SDKROOT = iphoneos;
				SWIFT_ACTIVE_COMPILATION_CONDITIONS = DEBUG;
				SWIFT_OPTIMIZATION_LEVEL = "-Onone";
				TARGETED_DEVICE_FAMILY = "1,2";
			};
			name = Debug;
		};
		709A1DC41EFAA74000665419 /* Release */ = {
			isa = XCBuildConfiguration;
			buildSettings = {
				ALWAYS_SEARCH_USER_PATHS = NO;
				CLANG_ANALYZER_NONNULL = YES;
				CLANG_ANALYZER_NUMBER_OBJECT_CONVERSION = YES_AGGRESSIVE;
				CLANG_CXX_LANGUAGE_STANDARD = "gnu++0x";
				CLANG_CXX_LIBRARY = "libc++";
				CLANG_ENABLE_MODULES = YES;
				CLANG_ENABLE_OBJC_ARC = YES;
				CLANG_WARN_BOOL_CONVERSION = YES;
				CLANG_WARN_CONSTANT_CONVERSION = YES;
				CLANG_WARN_DIRECT_OBJC_ISA_USAGE = YES_ERROR;
				CLANG_WARN_DOCUMENTATION_COMMENTS = YES;
				CLANG_WARN_EMPTY_BODY = YES;
				CLANG_WARN_ENUM_CONVERSION = YES;
				CLANG_WARN_INFINITE_RECURSION = YES;
				CLANG_WARN_INT_CONVERSION = YES;
				CLANG_WARN_OBJC_ROOT_CLASS = YES_ERROR;
				CLANG_WARN_SUSPICIOUS_MOVE = YES;
				CLANG_WARN_UNREACHABLE_CODE = YES;
				CLANG_WARN__DUPLICATE_METHOD_MATCH = YES;
				"CODE_SIGN_IDENTITY[sdk=iphoneos*]" = "iPhone Developer";
				COPY_PHASE_STRIP = NO;
				DEBUG_INFORMATION_FORMAT = "dwarf-with-dsym";
				ENABLE_NS_ASSERTIONS = NO;
				ENABLE_STRICT_OBJC_MSGSEND = YES;
				GCC_C_LANGUAGE_STANDARD = gnu99;
				GCC_NO_COMMON_BLOCKS = YES;
				GCC_WARN_64_TO_32_BIT_CONVERSION = YES;
				GCC_WARN_ABOUT_RETURN_TYPE = YES_ERROR;
				GCC_WARN_UNDECLARED_SELECTOR = YES;
				GCC_WARN_UNINITIALIZED_AUTOS = YES_AGGRESSIVE;
				GCC_WARN_UNUSED_FUNCTION = YES;
				GCC_WARN_UNUSED_VARIABLE = YES;
				IPHONEOS_DEPLOYMENT_TARGET = 10.3;
				MTL_ENABLE_DEBUG_INFO = NO;
				SDKROOT = iphoneos;
				SWIFT_OPTIMIZATION_LEVEL = "-Owholemodule";
				TARGETED_DEVICE_FAMILY = "1,2";
				VALIDATE_PRODUCT = YES;
			};
			name = Release;
		};
		709A1DC61EFAA74000665419 /* Debug */ = {
			isa = XCBuildConfiguration;
			baseConfigurationReference = 7465E6FC0FFED1C7422E86E4 /* Pods-BlueShift.debug.xcconfig */;
			buildSettings = {
				ASSETCATALOG_COMPILER_APPICON_NAME = AppIcon;
				DEVELOPMENT_TEAM = 5VKGNBRP89;
				INFOPLIST_FILE = BlueShift/Info.plist;
				LD_RUNPATH_SEARCH_PATHS = "$(inherited) @executable_path/Frameworks";
				PRODUCT_BUNDLE_IDENTIFIER = Nebula.BlueShift;
				PRODUCT_NAME = "$(TARGET_NAME)";
				SWIFT_VERSION = 3.0;
			};
			name = Debug;
		};
		709A1DC71EFAA74000665419 /* Release */ = {
			isa = XCBuildConfiguration;
			baseConfigurationReference = 2B8FC94530A06D58472865CC /* Pods-BlueShift.release.xcconfig */;
			buildSettings = {
				ASSETCATALOG_COMPILER_APPICON_NAME = AppIcon;
				DEVELOPMENT_TEAM = 5VKGNBRP89;
				INFOPLIST_FILE = BlueShift/Info.plist;
				LD_RUNPATH_SEARCH_PATHS = "$(inherited) @executable_path/Frameworks";
				PRODUCT_BUNDLE_IDENTIFIER = Nebula.BlueShift;
				PRODUCT_NAME = "$(TARGET_NAME)";
				SWIFT_VERSION = 3.0;
			};
			name = Release;
		};
		709A1DC91EFAA74000665419 /* Debug */ = {
			isa = XCBuildConfiguration;
			baseConfigurationReference = 076B2C3AFABAF488680693AD /* Pods-BlueShiftTests.debug.xcconfig */;
			buildSettings = {
				ALWAYS_EMBED_SWIFT_STANDARD_LIBRARIES = YES;
				BUNDLE_LOADER = "$(TEST_HOST)";
				INFOPLIST_FILE = BlueShiftTests/Info.plist;
				LD_RUNPATH_SEARCH_PATHS = "$(inherited) @executable_path/Frameworks @loader_path/Frameworks";
				PRODUCT_BUNDLE_IDENTIFIER = Nebula.BlueShiftTests;
				PRODUCT_NAME = "$(TARGET_NAME)";
				SWIFT_VERSION = 3.0;
				TEST_HOST = "$(BUILT_PRODUCTS_DIR)/BlueShift.app/BlueShift";
			};
			name = Debug;
		};
		709A1DCA1EFAA74000665419 /* Release */ = {
			isa = XCBuildConfiguration;
			baseConfigurationReference = 38F2CDC858B4BA35097E9389 /* Pods-BlueShiftTests.release.xcconfig */;
			buildSettings = {
				ALWAYS_EMBED_SWIFT_STANDARD_LIBRARIES = YES;
				BUNDLE_LOADER = "$(TEST_HOST)";
				INFOPLIST_FILE = BlueShiftTests/Info.plist;
				LD_RUNPATH_SEARCH_PATHS = "$(inherited) @executable_path/Frameworks @loader_path/Frameworks";
				PRODUCT_BUNDLE_IDENTIFIER = Nebula.BlueShiftTests;
				PRODUCT_NAME = "$(TARGET_NAME)";
				SWIFT_VERSION = 3.0;
				TEST_HOST = "$(BUILT_PRODUCTS_DIR)/BlueShift.app/BlueShift";
			};
			name = Release;
		};
		709A1DCC1EFAA74000665419 /* Debug */ = {
			isa = XCBuildConfiguration;
			baseConfigurationReference = EAA69D42CCA552989EEFDE10 /* Pods-BlueShiftUITests.debug.xcconfig */;
			buildSettings = {
				ALWAYS_EMBED_SWIFT_STANDARD_LIBRARIES = YES;
				INFOPLIST_FILE = BlueShiftUITests/Info.plist;
				LD_RUNPATH_SEARCH_PATHS = "$(inherited) @executable_path/Frameworks @loader_path/Frameworks";
				PRODUCT_BUNDLE_IDENTIFIER = Nebula.BlueShiftUITests;
				PRODUCT_NAME = "$(TARGET_NAME)";
				SWIFT_VERSION = 3.0;
				TEST_TARGET_NAME = BlueShift;
			};
			name = Debug;
		};
		709A1DCD1EFAA74000665419 /* Release */ = {
			isa = XCBuildConfiguration;
			baseConfigurationReference = 806156AAD8BFCAAB3C7092A5 /* Pods-BlueShiftUITests.release.xcconfig */;
			buildSettings = {
				ALWAYS_EMBED_SWIFT_STANDARD_LIBRARIES = YES;
				INFOPLIST_FILE = BlueShiftUITests/Info.plist;
				LD_RUNPATH_SEARCH_PATHS = "$(inherited) @executable_path/Frameworks @loader_path/Frameworks";
				PRODUCT_BUNDLE_IDENTIFIER = Nebula.BlueShiftUITests;
				PRODUCT_NAME = "$(TARGET_NAME)";
				SWIFT_VERSION = 3.0;
				TEST_TARGET_NAME = BlueShift;
			};
			name = Release;
		};
/* End XCBuildConfiguration section */

/* Begin XCConfigurationList section */
		709A1D981EFAA73F00665419 /* Build configuration list for PBXProject "BlueShift" */ = {
			isa = XCConfigurationList;
			buildConfigurations = (
				709A1DC31EFAA74000665419 /* Debug */,
				709A1DC41EFAA74000665419 /* Release */,
			);
			defaultConfigurationIsVisible = 0;
			defaultConfigurationName = Release;
		};
		709A1DC51EFAA74000665419 /* Build configuration list for PBXNativeTarget "BlueShift" */ = {
			isa = XCConfigurationList;
			buildConfigurations = (
				709A1DC61EFAA74000665419 /* Debug */,
				709A1DC71EFAA74000665419 /* Release */,
			);
			defaultConfigurationIsVisible = 0;
			defaultConfigurationName = Release;
		};
		709A1DC81EFAA74000665419 /* Build configuration list for PBXNativeTarget "BlueShiftTests" */ = {
			isa = XCConfigurationList;
			buildConfigurations = (
				709A1DC91EFAA74000665419 /* Debug */,
				709A1DCA1EFAA74000665419 /* Release */,
			);
			defaultConfigurationIsVisible = 0;
			defaultConfigurationName = Release;
		};
		709A1DCB1EFAA74000665419 /* Build configuration list for PBXNativeTarget "BlueShiftUITests" */ = {
			isa = XCConfigurationList;
			buildConfigurations = (
				709A1DCC1EFAA74000665419 /* Debug */,
				709A1DCD1EFAA74000665419 /* Release */,
			);
			defaultConfigurationIsVisible = 0;
			defaultConfigurationName = Release;
		};
/* End XCConfigurationList section */
	};
	rootObject = 709A1D951EFAA73F00665419 /* Project object */;
}
